{
  "name": "accessibility_testing",
  "version": "1.0.0",
  "lockfileVersion": 1,
  "requires": true,
  "dependencies": {
    "@axe-core/playwright": {
      "version": "4.5.2",
      "resolved": "https://registry.npmjs.org/@axe-core/playwright/-/playwright-4.5.2.tgz",
      "integrity": "sha512-RXdnUeroQwLoIoxxZNKBy/2FsjOrgYsiIrSdZkRfVVWFudTgatncc9izyMZ40ou+nw/d1zi/WPCjrLUI6TZBBA==",
      "requires": {
        "axe-core": "^4.5.2"
      }
    },
    "@playwright/test": {
      "version": "1.29.2",
      "resolved": "https://registry.npmjs.org/@playwright/test/-/test-1.29.2.tgz",
      "integrity": "sha512-+3/GPwOgcoF0xLz/opTnahel1/y42PdcgZ4hs+BZGIUjtmEFSXGg+nFoaH3NSmuc7a6GSFwXDJ5L7VXpqzigNg==",
      "dev": true,
      "requires": {
        "@types/node": "*",
        "playwright-core": "1.29.2"
      },
      "dependencies": {
        "playwright-core": {
          "version": "1.29.2",
          "resolved": "https://registry.npmjs.org/playwright-core/-/playwright-core-1.29.2.tgz",
          "integrity": "sha512-94QXm4PMgFoHAhlCuoWyaBYKb92yOcGVHdQLoxQ7Wjlc7Flg4aC/jbFW7xMR52OfXMVkWicue4WXE7QEegbIRA==",
          "dev": true
        }
      }
    },
    "@types/node": {
      "version": "18.11.18",
      "resolved": "https://registry.npmjs.org/@types/node/-/node-18.11.18.tgz",
      "integrity": "sha512-DHQpWGjyQKSHj3ebjFI/wRKcqQcdR+MoFBygntYOZytCqNfkd2ZC4ARDJ2DQqhjH5p85Nnd3jhUJIXrszFX/JA=="
    },
    "axe-core": {
      "version": "4.6.2",
      "resolved": "https://registry.npmjs.org/axe-core/-/axe-core-4.6.2.tgz",
      "integrity": "sha512-b1WlTV8+XKLj9gZy2DZXgQiyDp9xkkoe2a6U6UbYccScq2wgH/YwCeI2/Jq2mgo0HzQxqJOjWZBLeA/mqsk5Mg=="
    },
    "dotenv": {
      "version": "16.0.3",
      "resolved": "https://registry.npmjs.org/dotenv/-/dotenv-16.0.3.tgz",
      "integrity": "sha512-7GO6HghkA5fYG9TYnNxi14/7K9f5occMlp3zXAuSxn7CKCxt9xbNWG7yF8hTCSUchlfWSe3uLmlPfigevRItzQ=="
    }
  }
}
